{
  "name": "wstunnel",
  "version": "1.2.4",
  "lockfileVersion": 1,
  "requires": true,
  "dependencies": {
    "amdefine": {
      "version": "https://registry.npmjs.org/amdefine/-/amdefine-1.0.1.tgz",
      "integrity": "sha1-SlKCrBZHKek2Gbz9OtFR+BfOkfU=",
      "dev": true
    },
    "debug": {
      "version": "2.6.9",
      "resolved": "https://registry.npmjs.org/debug/-/debug-2.6.9.tgz",
      "integrity": "sha512-bC7ElrdJaJnPbAP+1EotYvqZsb3ecl5wi6Bfi6BJTUcNowp6cvspg0jXznRTKDjm/E7AdgFBVeAPVMNcKGsHMA==",
      "requires": {
        "ms": "2.0.0"
      }
    },
    "global-tunnel-ng": {
      "version": "2.1.0",
      "resolved": "https://registry.npmjs.org/global-tunnel-ng/-/global-tunnel-ng-2.1.0.tgz",
      "integrity": "sha1-biozHrEqlLD7GK6PBANq72jqkVs=",
      "requires": {
        "lodash": "4.17.4",
        "tunnel": "0.0.4"
      }
    },
    "is-typedarray": {
      "version": "1.0.0",
      "resolved": "https://registry.npmjs.org/is-typedarray/-/is-typedarray-1.0.0.tgz",
      "integrity": "sha1-5HnICFjfDBsR3dppQPlgEfzaSpo="
    },
    "lawg": {
      "version": "1.0.3",
      "resolved": "https://registry.npmjs.org/lawg/-/lawg-1.0.3.tgz",
      "integrity": "sha1-iur+HcLEF0WQAjyHaEQqWQSRvyE="
    },
    "lodash": {
      "version": "4.17.4",
      "resolved": "https://registry.npmjs.org/lodash/-/lodash-4.17.4.tgz",
      "integrity": "sha1-eCA6TRwyiuHYbcpkYONptX9AVa4="
    },
    "machine-uuid": {
      "version": "1.0.10",
      "resolved": "https://registry.npmjs.org/machine-uuid/-/machine-uuid-1.0.10.tgz",
      "integrity": "sha512-Ju5LAhYcFcj73QD5s1w/ZaJSARD8sk6p8GllE/nNs1eFbuu0COW2hGpcAemIKIHxn4VzTiToqrWs78z9rygIrA==",
      "requires": {
        "node-uuid": "1.4.1"
      }
    },
    "ms": {
      "version": "2.0.0",
      "resolved": "https://registry.npmjs.org/ms/-/ms-2.0.0.tgz",
      "integrity": "sha1-VgiurfwAvmwpAd9fmGF4jeDVl8g="
    },
    "nan": {
      "version": "2.8.0",
      "resolved": "https://registry.npmjs.org/nan/-/nan-2.8.0.tgz",
      "integrity": "sha1-7XFfP+neArV6XmJS2QqWZ14fCFo="
    },
    "node-uuid": {
      "version": "1.4.1",
      "resolved": "https://registry.npmjs.org/node-uuid/-/node-uuid-1.4.1.tgz",
      "integrity": "sha1-Oa71EOWImj3KnIlbUGxzquG6wEg="
    },
    "optimist": {
      "version": "0.3.5",
      "resolved": "https://registry.npmjs.org/optimist/-/optimist-0.3.5.tgz",
      "integrity": "sha1-A2VLUkFwMDEtEJ85sVmCW2AwkwQ=",
      "requires": {
        "wordwrap": "0.0.3"
      },
      "dependencies": {
        "wordwrap": {
          "version": "0.0.3",
          "resolved": "https://registry.npmjs.org/wordwrap/-/wordwrap-0.0.3.tgz",
          "integrity": "sha1-o9XabNXAvAAI03I0u68b7WMFkQc="
        }
      }
    },
    "phuture": {
      "version": "1.0.2",
      "resolved": "https://registry.npmjs.org/phuture/-/phuture-1.0.2.tgz",
      "integrity": "sha1-WsOnhn3hP4l26BNWIHqHK6onhbs="
    },
    "source-map": {
      "version": "https://registry.npmjs.org/source-map/-/source-map-0.1.8.tgz",
      "integrity": "sha1-C8wIilDtjFhvUMjaSDOifcDMDDA=",
      "dev": true,
      "requires": {
        "amdefine": "https://registry.npmjs.org/amdefine/-/amdefine-1.0.1.tgz"
      }
    },
    "source-map-support": {
      "version": "https://registry.npmjs.org/source-map-support/-/source-map-support-0.1.2.tgz",
      "integrity": "sha1-b0laED7+tU0hsrecZlNszySoZRU=",
      "dev": true,
      "requires": {
        "source-map": "https://registry.npmjs.org/source-map/-/source-map-0.1.8.tgz"
      }
    },
    "tunnel": {
      "version": "0.0.4",
      "resolved": "https://registry.npmjs.org/tunnel/-/tunnel-0.0.4.tgz",
      "integrity": "sha1-LTeFoVjBdMmhbcLARuxfxfF0IhM="
    },
    "typedarray-to-buffer": {
      "version": "3.1.2",
      "resolved": "https://registry.npmjs.org/typedarray-to-buffer/-/typedarray-to-buffer-3.1.2.tgz",
      "integrity": "sha1-EBezLZhP9VbroQD1AViauhrOLgQ=",
      "requires": {
        "is-typedarray": "1.0.0"
      }
    },
    "underscore": {
      "version": "1.4.4",
      "resolved": "https://registry.npmjs.org/underscore/-/underscore-1.4.4.tgz",
      "integrity": "sha1-YaajIBBiKvoHljvzJSA88SI51gQ="
    },
    "websocket": {
      "version": "1.0.25",
      "resolved": "https://registry.npmjs.org/websocket/-/websocket-1.0.25.tgz",
      "integrity": "sha512-M58njvi6ZxVb5k7kpnHh2BvNKuBWiwIYvsToErBzWhvBZYwlEiLcyLrG41T1jRcrY9ettqPYEqduLI7ul54CVQ==",
      "requires": {
        "debug": "2.6.9",
        "nan": "2.8.0",
        "typedarray-to-buffer": "3.1.2",
        "yaeti": "0.0.6"
      }
    },
    "yaeti": {
      "version": "0.0.6",
      "resolved": "https://registry.npmjs.org/yaeti/-/yaeti-0.0.6.tgz",
      "integrity": "sha1-8m9ITXJoTPQr7ft2lwqhYI+/lXc="
    }
  }
}
