{
  "name": "wstunnel",
  "version": "1.2.2",
  "lockfileVersion": 1,
  "requires": true,
  "dependencies": {
    "amdefine": {
      "version": "https://registry.npmjs.org/amdefine/-/amdefine-1.0.1.tgz",
      "integrity": "sha1-SlKCrBZHKek2Gbz9OtFR+BfOkfU=",
      "dev": true
    },
    "lawg": {
      "version": "1.0.3",
      "resolved": "https://registry.npmjs.org/lawg/-/lawg-1.0.3.tgz",
      "integrity": "sha1-iur+HcLEF0WQAjyHaEQqWQSRvyE="
    },
    "machine-uuid": {
      "version": "1.0.10",
      "resolved": "https://registry.npmjs.org/machine-uuid/-/machine-uuid-1.0.10.tgz",
      "integrity": "sha512-Ju5LAhYcFcj73QD5s1w/ZaJSARD8sk6p8GllE/nNs1eFbuu0COW2hGpcAemIKIHxn4VzTiToqrWs78z9rygIrA==",
      "requires": {
        "node-uuid": "1.4.1"
      }
    },
    "node-uuid": {
      "version": "1.4.1",
      "resolved": "https://registry.npmjs.org/node-uuid/-/node-uuid-1.4.1.tgz",
      "integrity": "sha1-Oa71EOWImj3KnIlbUGxzquG6wEg="
    },
    "optimist": {
      "version": "0.3.5",
      "resolved": "https://registry.npmjs.org/optimist/-/optimist-0.3.5.tgz",
      "integrity": "sha1-A2VLUkFwMDEtEJ85sVmCW2AwkwQ=",
      "requires": {
        "wordwrap": "0.0.3"
      },
      "dependencies": {
        "wordwrap": {
          "version": "0.0.3",
          "resolved": "https://registry.npmjs.org/wordwrap/-/wordwrap-0.0.3.tgz",
          "integrity": "sha1-o9XabNXAvAAI03I0u68b7WMFkQc="
        }
      }
    },
    "phuture": {
      "version": "1.0.2",
      "resolved": "https://registry.npmjs.org/phuture/-/phuture-1.0.2.tgz",
      "integrity": "sha1-WsOnhn3hP4l26BNWIHqHK6onhbs="
    },
    "source-map": {
      "version": "https://registry.npmjs.org/source-map/-/source-map-0.1.8.tgz",
      "integrity": "sha1-C8wIilDtjFhvUMjaSDOifcDMDDA=",
      "dev": true,
      "requires": {
        "amdefine": "https://registry.npmjs.org/amdefine/-/amdefine-1.0.1.tgz"
      }
    },
    "source-map-support": {
      "version": "https://registry.npmjs.org/source-map-support/-/source-map-support-0.1.2.tgz",
      "integrity": "sha1-b0laED7+tU0hsrecZlNszySoZRU=",
      "dev": true,
      "requires": {
        "source-map": "https://registry.npmjs.org/source-map/-/source-map-0.1.8.tgz"
      }
    },
    "underscore": {
      "version": "1.4.4",
      "resolved": "https://registry.npmjs.org/underscore/-/underscore-1.4.4.tgz",
      "integrity": "sha1-YaajIBBiKvoHljvzJSA88SI51gQ="
    },
    "websocket": {
      "version": "1.0.8",
      "resolved": "https://registry.npmjs.org/websocket/-/websocket-1.0.8.tgz",
      "integrity": "sha1-QbBac3396JkSXTND0EQqPMZ6GwA="
    }
  }
}
